
Microsoft Visual Studio Solution File, Format Version 12.00
# Visual Studio 14
VisualStudioVersion = 14.0.23107.0
MinimumVisualStudioVersion = 10.0.40219.1
Project("{FAE04EC0-301F-11D3-BF4B-00C04F79EFBC}") = "CardioMonitor", "CardioMonitor\CardioMonitor.csproj", "{56D53779-D2C3-491F-B706-E582D6534A9F}"
EndProject
Project("{FAE04EC0-301F-11D3-BF4B-00C04F79EFBC}") = "Health", "Health\Health.csproj", "{AAACE321-0A98-4C9D-B32E-C05B4E7DF7BF}"
EndProject
Global
	GlobalSection(SolutionConfigurationPlatforms) = preSolution
		Debug|Any CPU = Debug|Any CPU
		Release|Any CPU = Release|Any CPU
	EndGlobalSection
	GlobalSection(ProjectConfigurationPlatforms) = postSolution
		{56D53779-D2C3-491F-B706-E582D6534A9F}.Debug|Any CPU.ActiveCfg = Debug|Any CPU
		{56D53779-D2C3-491F-B706-E582D6534A9F}.Debug|Any CPU.Build.0 = Debug|Any CPU
		{56D53779-D2C3-491F-B706-E582D6534A9F}.Release|Any CPU.ActiveCfg = Release|Any CPU
		{56D53779-D2C3-491F-B706-E582D6534A9F}.Release|Any CPU.Build.0 = Release|Any CPU
		{AAACE321-0A98-4C9D-B32E-C05B4E7DF7BF}.Debug|Any CPU.ActiveCfg = Debug|Any CPU
		{AAACE321-0A98-4C9D-B32E-C05B4E7DF7BF}.Debug|Any CPU.Build.0 = Debug|Any CPU
		{AAACE321-0A98-4C9D-B32E-C05B4E7DF7BF}.Release|Any CPU.ActiveCfg = Release|Any CPU
		{AAACE321-0A98-4C9D-B32E-C05B4E7DF7BF}.Release|Any CPU.Build.0 = Release|Any CPU
	EndGlobalSection
	GlobalSection(SolutionProperties) = preSolution
		HideSolutionNode = FALSE
	EndGlobalSection
EndGlobal
